
Microsoft Visual Studio Solution File, Format Version 12.00
# Visual Studio Version 16
VisualStudioVersion = 16.0.30717.126
MinimumVisualStudioVersion = 10.0.40219.1
Project("{FAE04EC0-301F-11D3-BF4B-00C04F79EFBC}") = "CrmBL", "CrmBL\CrmBL.csproj", "{415ABAE7-7F97-4FA8-8BD3-E95BA4AEBAB4}"
EndProject
Project("{FAE04EC0-301F-11D3-BF4B-00C04F79EFBC}") = "CrmUi", "CrmUi\CrmUi.csproj", "{D5EBD60D-0A88-41F9-A84A-2E14ED0D392A}"
EndProject
Global
	GlobalSection(SolutionConfigurationPlatforms) = preSolution
		Debug|Any CPU = Debug|Any CPU
		Release|Any CPU = Release|Any CPU
	EndGlobalSection
	GlobalSection(ProjectConfigurationPlatforms) = postSolution
		{415ABAE7-7F97-4FA8-8BD3-E95BA4AEBAB4}.Debug|Any CPU.ActiveCfg = Debug|Any CPU
		{415ABAE7-7F97-4FA8-8BD3-E95BA4AEBAB4}.Debug|Any CPU.Build.0 = Debug|Any CPU
		{415ABAE7-7F97-4FA8-8BD3-E95BA4AEBAB4}.Release|Any CPU.ActiveCfg = Release|Any CPU
		{415ABAE7-7F97-4FA8-8BD3-E95BA4AEBAB4}.Release|Any CPU.Build.0 = Release|Any CPU
		{D5EBD60D-0A88-41F9-A84A-2E14ED0D392A}.Debug|Any CPU.ActiveCfg = Debug|Any CPU
		{D5EBD60D-0A88-41F9-A84A-2E14ED0D392A}.Debug|Any CPU.Build.0 = Debug|Any CPU
		{D5EBD60D-0A88-41F9-A84A-2E14ED0D392A}.Release|Any CPU.ActiveCfg = Release|Any CPU
		{D5EBD60D-0A88-41F9-A84A-2E14ED0D392A}.Release|Any CPU.Build.0 = Release|Any CPU
	EndGlobalSection
	GlobalSection(SolutionProperties) = preSolution
		HideSolutionNode = FALSE
	EndGlobalSection
	GlobalSection(ExtensibilityGlobals) = postSolution
		SolutionGuid = {AE01EEAB-8FBE-427B-997B-7BA46B44FFF2}
	EndGlobalSection
EndGlobal
